// !$*UTF8*$!
{
	archiveVersion = 1;
	classes = {
	};
	objectVersion = 56;
	objects = {

/* Begin PBXBuildFile section */
		57369D172B70ACA200918CF5 /* PlayerProfileGridItemView.swift in Sources */ = {isa = PBXBuildFile; fileRef = 57369D162B70ACA200918CF5 /* PlayerProfileGridItemView.swift */; };
		57C3AC052B65B2FB0058AE5F /* DUDLApp.swift in Sources */ = {isa = PBXBuildFile; fileRef = 57C3AC042B65B2FB0058AE5F /* DUDLApp.swift */; };
		57C3AC092B65B2FC0058AE5F /* Assets.xcassets in Resources */ = {isa = PBXBuildFile; fileRef = 57C3AC082B65B2FC0058AE5F /* Assets.xcassets */; };
		57C3AC0C2B65B2FC0058AE5F /* Preview Assets.xcassets in Resources */ = {isa = PBXBuildFile; fileRef = 57C3AC0B2B65B2FC0058AE5F /* Preview Assets.xcassets */; };
		57C3AC162B65B2FC0058AE5F /* DUDLTests.swift in Sources */ = {isa = PBXBuildFile; fileRef = 57C3AC152B65B2FC0058AE5F /* DUDLTests.swift */; };
		57C3AC202B65B2FC0058AE5F /* DUDLUITests.swift in Sources */ = {isa = PBXBuildFile; fileRef = 57C3AC1F2B65B2FC0058AE5F /* DUDLUITests.swift */; };
		57C3AC222B65B2FC0058AE5F /* DUDLUITestsLaunchTests.swift in Sources */ = {isa = PBXBuildFile; fileRef = 57C3AC212B65B2FC0058AE5F /* DUDLUITestsLaunchTests.swift */; };
		57C3AC312B65BF180058AE5F /* Scribble.swift in Sources */ = {isa = PBXBuildFile; fileRef = 57C3AC302B65BF180058AE5F /* Scribble.swift */; };
		57C3AC382B668BE50058AE5F /* Galvji.ttc in Resources */ = {isa = PBXBuildFile; fileRef = 57C3AC342B668AF60058AE5F /* Galvji.ttc */; };
		57C3AC3A2B668F4F0058AE5F /* HomeView.swift in Sources */ = {isa = PBXBuildFile; fileRef = 57C3AC392B668F4F0058AE5F /* HomeView.swift */; };
		57C3AC3C2B668F970058AE5F /* StartView.swift in Sources */ = {isa = PBXBuildFile; fileRef = 57C3AC3B2B668F970058AE5F /* StartView.swift */; };
		57C3AC3E2B6697EE0058AE5F /* WebStructs.swift in Sources */ = {isa = PBXBuildFile; fileRef = 57C3AC3D2B6697EE0058AE5F /* WebStructs.swift */; };
		57C3AC482B68340C0058AE5F /* Errors.swift in Sources */ = {isa = PBXBuildFile; fileRef = 57C3AC472B68340C0058AE5F /* Errors.swift */; };
		57C3AC4E2B6864DB0058AE5F /* RestController.swift in Sources */ = {isa = PBXBuildFile; fileRef = 57C3AC4D2B6864DB0058AE5F /* RestController.swift */; };
		57C3AC502B68B54E0058AE5F /* SettingsView.swift in Sources */ = {isa = PBXBuildFile; fileRef = 57C3AC4F2B68B54E0058AE5F /* SettingsView.swift */; };
		57C3AC542B68BE620058AE5F /* JoinView.swift in Sources */ = {isa = PBXBuildFile; fileRef = 57C3AC532B68BE620058AE5F /* JoinView.swift */; };
		57C3AC562B69E57F0058AE5F /* PlayerProfileView.swift in Sources */ = {isa = PBXBuildFile; fileRef = 57C3AC552B69E57F0058AE5F /* PlayerProfileView.swift */; };
		57CE50EA2B69F2030071E806 /* SquareColorPickerView.swift in Sources */ = {isa = PBXBuildFile; fileRef = 57CE50E92B69F2030071E806 /* SquareColorPickerView.swift */; };
		57CE50EC2B6EA0230071E806 /* LobbyView.swift in Sources */ = {isa = PBXBuildFile; fileRef = 57CE50EB2B6EA0230071E806 /* LobbyView.swift */; };
		57D2873D2B732E2D00FE2280 /* BlackDraggableZStack.swift in Sources */ = {isa = PBXBuildFile; fileRef = 57D2873C2B732E2D00FE2280 /* BlackDraggableZStack.swift */; };
		57D287402B73318100FE2280 /* RestfulGroup.swift in Sources */ = {isa = PBXBuildFile; fileRef = 57D2873F2B73318100FE2280 /* RestfulGroup.swift */; };
/* End PBXBuildFile section */

/* Begin PBXContainerItemProxy section */
		57C3AC122B65B2FC0058AE5F /* PBXContainerItemProxy */ = {
			isa = PBXContainerItemProxy;
			containerPortal = 57C3ABF92B65B2FB0058AE5F /* Project object */;
			proxyType = 1;
			remoteGlobalIDString = 57C3AC002B65B2FB0058AE5F;
			remoteInfo = DUDL;
		};
		57C3AC1C2B65B2FC0058AE5F /* PBXContainerItemProxy */ = {
			isa = PBXContainerItemProxy;
			containerPortal = 57C3ABF92B65B2FB0058AE5F /* Project object */;
			proxyType = 1;
			remoteGlobalIDString = 57C3AC002B65B2FB0058AE5F;
			remoteInfo = DUDL;
		};
/* End PBXContainerItemProxy section */

/* Begin PBXFileReference section */
		57369D162B70ACA200918CF5 /* PlayerProfileGridItemView.swift */ = {isa = PBXFileReference; lastKnownFileType = sourcecode.swift; path = PlayerProfileGridItemView.swift; sourceTree = "<group>"; };
		57C3AC012B65B2FB0058AE5F /* DUDL.app */ = {isa = PBXFileReference; explicitFileType = wrapper.application; includeInIndex = 0; path = DUDL.app; sourceTree = BUILT_PRODUCTS_DIR; };
		57C3AC042B65B2FB0058AE5F /* DUDLApp.swift */ = {isa = PBXFileReference; lastKnownFileType = sourcecode.swift; path = DUDLApp.swift; sourceTree = "<group>"; };
		57C3AC082B65B2FC0058AE5F /* Assets.xcassets */ = {isa = PBXFileReference; lastKnownFileType = folder.assetcatalog; path = Assets.xcassets; sourceTree = "<group>"; };
		57C3AC0B2B65B2FC0058AE5F /* Preview Assets.xcassets */ = {isa = PBXFileReference; lastKnownFileType = folder.assetcatalog; path = "Preview Assets.xcassets"; sourceTree = "<group>"; };
		57C3AC112B65B2FC0058AE5F /* DUDLTests.xctest */ = {isa = PBXFileReference; explicitFileType = wrapper.cfbundle; includeInIndex = 0; path = DUDLTests.xctest; sourceTree = BUILT_PRODUCTS_DIR; };
		57C3AC152B65B2FC0058AE5F /* DUDLTests.swift */ = {isa = PBXFileReference; lastKnownFileType = sourcecode.swift; path = DUDLTests.swift; sourceTree = "<group>"; };
		57C3AC1B2B65B2FC0058AE5F /* DUDLUITests.xctest */ = {isa = PBXFileReference; explicitFileType = wrapper.cfbundle; includeInIndex = 0; path = DUDLUITests.xctest; sourceTree = BUILT_PRODUCTS_DIR; };
		57C3AC1F2B65B2FC0058AE5F /* DUDLUITests.swift */ = {isa = PBXFileReference; lastKnownFileType = sourcecode.swift; path = DUDLUITests.swift; sourceTree = "<group>"; };
		57C3AC212B65B2FC0058AE5F /* DUDLUITestsLaunchTests.swift */ = {isa = PBXFileReference; lastKnownFileType = sourcecode.swift; path = DUDLUITestsLaunchTests.swift; sourceTree = "<group>"; };
		57C3AC302B65BF180058AE5F /* Scribble.swift */ = {isa = PBXFileReference; lastKnownFileType = sourcecode.swift; path = Scribble.swift; sourceTree = "<group>"; };
		57C3AC342B668AF60058AE5F /* Galvji.ttc */ = {isa = PBXFileReference; lastKnownFileType = file; path = Galvji.ttc; sourceTree = "<group>"; };
		57C3AC372B668B950058AE5F /* Info.plist */ = {isa = PBXFileReference; lastKnownFileType = text.plist; path = Info.plist; sourceTree = "<group>"; };
		57C3AC392B668F4F0058AE5F /* HomeView.swift */ = {isa = PBXFileReference; lastKnownFileType = sourcecode.swift; path = HomeView.swift; sourceTree = "<group>"; };
		57C3AC3B2B668F970058AE5F /* StartView.swift */ = {isa = PBXFileReference; lastKnownFileType = sourcecode.swift; path = StartView.swift; sourceTree = "<group>"; };
		57C3AC3D2B6697EE0058AE5F /* WebStructs.swift */ = {isa = PBXFileReference; lastKnownFileType = sourcecode.swift; path = WebStructs.swift; sourceTree = "<group>"; };
		57C3AC472B68340C0058AE5F /* Errors.swift */ = {isa = PBXFileReference; lastKnownFileType = sourcecode.swift; path = Errors.swift; sourceTree = "<group>"; };
		57C3AC4D2B6864DB0058AE5F /* RestController.swift */ = {isa = PBXFileReference; lastKnownFileType = sourcecode.swift; path = RestController.swift; sourceTree = "<group>"; };
		57C3AC4F2B68B54E0058AE5F /* SettingsView.swift */ = {isa = PBXFileReference; lastKnownFileType = sourcecode.swift; path = SettingsView.swift; sourceTree = "<group>"; };
		57C3AC532B68BE620058AE5F /* JoinView.swift */ = {isa = PBXFileReference; lastKnownFileType = sourcecode.swift; path = JoinView.swift; sourceTree = "<group>"; };
		57C3AC552B69E57F0058AE5F /* PlayerProfileView.swift */ = {isa = PBXFileReference; lastKnownFileType = sourcecode.swift; path = PlayerProfileView.swift; sourceTree = "<group>"; };
		57CE50E92B69F2030071E806 /* SquareColorPickerView.swift */ = {isa = PBXFileReference; lastKnownFileType = sourcecode.swift; path = SquareColorPickerView.swift; sourceTree = "<group>"; };
		57CE50EB2B6EA0230071E806 /* LobbyView.swift */ = {isa = PBXFileReference; lastKnownFileType = sourcecode.swift; path = LobbyView.swift; sourceTree = "<group>"; };
		57D2873C2B732E2D00FE2280 /* BlackDraggableZStack.swift */ = {isa = PBXFileReference; lastKnownFileType = sourcecode.swift; path = BlackDraggableZStack.swift; sourceTree = "<group>"; };
		57D2873F2B73318100FE2280 /* RestfulGroup.swift */ = {isa = PBXFileReference; lastKnownFileType = sourcecode.swift; path = RestfulGroup.swift; sourceTree = "<group>"; };
/* End PBXFileReference section */

/* Begin PBXFrameworksBuildPhase section */
		57C3ABFE2B65B2FB0058AE5F /* Frameworks */ = {
			isa = PBXFrameworksBuildPhase;
			buildActionMask = 2147483647;
			files = (
			);
			runOnlyForDeploymentPostprocessing = 0;
		};
		57C3AC0E2B65B2FC0058AE5F /* Frameworks */ = {
			isa = PBXFrameworksBuildPhase;
			buildActionMask = 2147483647;
			files = (
			);
			runOnlyForDeploymentPostprocessing = 0;
		};
		57C3AC182B65B2FC0058AE5F /* Frameworks */ = {
			isa = PBXFrameworksBuildPhase;
			buildActionMask = 2147483647;
			files = (
			);
			runOnlyForDeploymentPostprocessing = 0;
		};
/* End PBXFrameworksBuildPhase section */

/* Begin PBXGroup section */
		57C3ABF82B65B2FB0058AE5F = {
			isa = PBXGroup;
			children = (
				57C3AC032B65B2FB0058AE5F /* DUDL */,
				57C3AC142B65B2FC0058AE5F /* DUDLTests */,
				57C3AC1E2B65B2FC0058AE5F /* DUDLUITests */,
				57C3AC022B65B2FB0058AE5F /* Products */,
			);
			sourceTree = "<group>";
		};
		57C3AC022B65B2FB0058AE5F /* Products */ = {
			isa = PBXGroup;
			children = (
				57C3AC012B65B2FB0058AE5F /* DUDL.app */,
				57C3AC112B65B2FC0058AE5F /* DUDLTests.xctest */,
				57C3AC1B2B65B2FC0058AE5F /* DUDLUITests.xctest */,
			);
			name = Products;
			sourceTree = "<group>";
		};
		57C3AC032B65B2FB0058AE5F /* DUDL */ = {
			isa = PBXGroup;
			children = (
				57D2873E2B73311900FE2280 /* Utilities */,
				57C3AC372B668B950058AE5F /* Info.plist */,
				57C3AC342B668AF60058AE5F /* Galvji.ttc */,
				57C3AC042B65B2FB0058AE5F /* DUDLApp.swift */,
				57C3AC392B668F4F0058AE5F /* HomeView.swift */,
				57C3AC082B65B2FC0058AE5F /* Assets.xcassets */,
				57C3AC0A2B65B2FC0058AE5F /* Preview Content */,
				57C3AC3B2B668F970058AE5F /* StartView.swift */,
				57C3AC4F2B68B54E0058AE5F /* SettingsView.swift */,
				57C3AC532B68BE620058AE5F /* JoinView.swift */,
				57C3AC552B69E57F0058AE5F /* PlayerProfileView.swift */,
				57CE50EB2B6EA0230071E806 /* LobbyView.swift */,
			);
			path = DUDL;
			sourceTree = "<group>";
		};
		57C3AC0A2B65B2FC0058AE5F /* Preview Content */ = {
			isa = PBXGroup;
			children = (
				57C3AC0B2B65B2FC0058AE5F /* Preview Assets.xcassets */,
			);
			path = "Preview Content";
			sourceTree = "<group>";
		};
		57C3AC142B65B2FC0058AE5F /* DUDLTests */ = {
			isa = PBXGroup;
			children = (
				57C3AC152B65B2FC0058AE5F /* DUDLTests.swift */,
			);
			path = DUDLTests;
			sourceTree = "<group>";
		};
		57C3AC1E2B65B2FC0058AE5F /* DUDLUITests */ = {
			isa = PBXGroup;
			children = (
				57C3AC1F2B65B2FC0058AE5F /* DUDLUITests.swift */,
				57C3AC212B65B2FC0058AE5F /* DUDLUITestsLaunchTests.swift */,
			);
			path = DUDLUITests;
			sourceTree = "<group>";
		};
		57D2873E2B73311900FE2280 /* Utilities */ = {
			isa = PBXGroup;
			children = (
				57CE50E92B69F2030071E806 /* SquareColorPickerView.swift */,
				57369D162B70ACA200918CF5 /* PlayerProfileGridItemView.swift */,
				57C3AC302B65BF180058AE5F /* Scribble.swift */,
				57C3AC3D2B6697EE0058AE5F /* WebStructs.swift */,
				57C3AC472B68340C0058AE5F /* Errors.swift */,
				57C3AC4D2B6864DB0058AE5F /* RestController.swift */,
				57D2873C2B732E2D00FE2280 /* BlackDraggableZStack.swift */,
				57D2873F2B73318100FE2280 /* RestfulGroup.swift */,
			);
			path = Utilities;
			sourceTree = "<group>";
		};
/* End PBXGroup section */

/* Begin PBXNativeTarget section */
		57C3AC002B65B2FB0058AE5F /* DUDL */ = {
			isa = PBXNativeTarget;
			buildConfigurationList = 57C3AC252B65B2FC0058AE5F /* Build configuration list for PBXNativeTarget "DUDL" */;
			buildPhases = (
				57C3ABFD2B65B2FB0058AE5F /* Sources */,
				57C3ABFE2B65B2FB0058AE5F /* Frameworks */,
				57C3ABFF2B65B2FB0058AE5F /* Resources */,
			);
			buildRules = (
			);
			dependencies = (
			);
			name = DUDL;
			packageProductDependencies = (
			);
			productName = DUDL;
			productReference = 57C3AC012B65B2FB0058AE5F /* DUDL.app */;
			productType = "com.apple.product-type.application";
		};
		57C3AC102B65B2FC0058AE5F /* DUDLTests */ = {
			isa = PBXNativeTarget;
			buildConfigurationList = 57C3AC282B65B2FC0058AE5F /* Build configuration list for PBXNativeTarget "DUDLTests" */;
			buildPhases = (
				57C3AC0D2B65B2FC0058AE5F /* Sources */,
				57C3AC0E2B65B2FC0058AE5F /* Frameworks */,
				57C3AC0F2B65B2FC0058AE5F /* Resources */,
			);
			buildRules = (
			);
			dependencies = (
				57C3AC132B65B2FC0058AE5F /* PBXTargetDependency */,
			);
			name = DUDLTests;
			productName = DUDLTests;
			productReference = 57C3AC112B65B2FC0058AE5F /* DUDLTests.xctest */;
			productType = "com.apple.product-type.bundle.unit-test";
		};
		57C3AC1A2B65B2FC0058AE5F /* DUDLUITests */ = {
			isa = PBXNativeTarget;
			buildConfigurationList = 57C3AC2B2B65B2FC0058AE5F /* Build configuration list for PBXNativeTarget "DUDLUITests" */;
			buildPhases = (
				57C3AC172B65B2FC0058AE5F /* Sources */,
				57C3AC182B65B2FC0058AE5F /* Frameworks */,
				57C3AC192B65B2FC0058AE5F /* Resources */,
			);
			buildRules = (
			);
			dependencies = (
				57C3AC1D2B65B2FC0058AE5F /* PBXTargetDependency */,
			);
			name = DUDLUITests;
			productName = DUDLUITests;
			productReference = 57C3AC1B2B65B2FC0058AE5F /* DUDLUITests.xctest */;
			productType = "com.apple.product-type.bundle.ui-testing";
		};
/* End PBXNativeTarget section */

/* Begin PBXProject section */
		57C3ABF92B65B2FB0058AE5F /* Project object */ = {
			isa = PBXProject;
			attributes = {
				BuildIndependentTargetsInParallel = 1;
				LastSwiftUpdateCheck = 1520;
				LastUpgradeCheck = 1520;
				TargetAttributes = {
					57C3AC002B65B2FB0058AE5F = {
						CreatedOnToolsVersion = 15.2;
					};
					57C3AC102B65B2FC0058AE5F = {
						CreatedOnToolsVersion = 15.2;
						TestTargetID = 57C3AC002B65B2FB0058AE5F;
					};
					57C3AC1A2B65B2FC0058AE5F = {
						CreatedOnToolsVersion = 15.2;
						TestTargetID = 57C3AC002B65B2FB0058AE5F;
					};
				};
			};
			buildConfigurationList = 57C3ABFC2B65B2FB0058AE5F /* Build configuration list for PBXProject "DUDL" */;
			compatibilityVersion = "Xcode 14.0";
			developmentRegion = en;
			hasScannedForEncodings = 0;
			knownRegions = (
				en,
				Base,
			);
			mainGroup = 57C3ABF82B65B2FB0058AE5F;
			packageReferences = (
			);
			productRefGroup = 57C3AC022B65B2FB0058AE5F /* Products */;
			projectDirPath = "";
			projectRoot = "";
			targets = (
				57C3AC002B65B2FB0058AE5F /* DUDL */,
				57C3AC102B65B2FC0058AE5F /* DUDLTests */,
				57C3AC1A2B65B2FC0058AE5F /* DUDLUITests */,
			);
		};
/* End PBXProject section */

/* Begin PBXResourcesBuildPhase section */
		57C3ABFF2B65B2FB0058AE5F /* Resources */ = {
			isa = PBXResourcesBuildPhase;
			buildActionMask = 2147483647;
			files = (
				57C3AC382B668BE50058AE5F /* Galvji.ttc in Resources */,
				57C3AC0C2B65B2FC0058AE5F /* Preview Assets.xcassets in Resources */,
				57C3AC092B65B2FC0058AE5F /* Assets.xcassets in Resources */,
			);
			runOnlyForDeploymentPostprocessing = 0;
		};
		57C3AC0F2B65B2FC0058AE5F /* Resources */ = {
			isa = PBXResourcesBuildPhase;
			buildActionMask = 2147483647;
			files = (
			);
			runOnlyForDeploymentPostprocessing = 0;
		};
		57C3AC192B65B2FC0058AE5F /* Resources */ = {
			isa = PBXResourcesBuildPhase;
			buildActionMask = 2147483647;
			files = (
			);
			runOnlyForDeploymentPostprocessing = 0;
		};
/* End PBXResourcesBuildPhase section */

/* Begin PBXSourcesBuildPhase section */
		57C3ABFD2B65B2FB0058AE5F /* Sources */ = {
			isa = PBXSourcesBuildPhase;
			buildActionMask = 2147483647;
			files = (
				57C3AC562B69E57F0058AE5F /* PlayerProfileView.swift in Sources */,
				57C3AC3E2B6697EE0058AE5F /* WebStructs.swift in Sources */,
				57C3AC502B68B54E0058AE5F /* SettingsView.swift in Sources */,
				57CE50EA2B69F2030071E806 /* SquareColorPickerView.swift in Sources */,
				57C3AC3A2B668F4F0058AE5F /* HomeView.swift in Sources */,
				57CE50EC2B6EA0230071E806 /* LobbyView.swift in Sources */,
				57C3AC312B65BF180058AE5F /* Scribble.swift in Sources */,
				57C3AC052B65B2FB0058AE5F /* DUDLApp.swift in Sources */,
				57C3AC3C2B668F970058AE5F /* StartView.swift in Sources */,
				57D2873D2B732E2D00FE2280 /* BlackDraggableZStack.swift in Sources */,
				57369D172B70ACA200918CF5 /* PlayerProfileGridItemView.swift in Sources */,
				57D287402B73318100FE2280 /* RestfulGroup.swift in Sources */,
				57C3AC482B68340C0058AE5F /* Errors.swift in Sources */,
				57C3AC542B68BE620058AE5F /* JoinView.swift in Sources */,
				57C3AC4E2B6864DB0058AE5F /* RestController.swift in Sources */,
			);
			runOnlyForDeploymentPostprocessing = 0;
		};
		57C3AC0D2B65B2FC0058AE5F /* Sources */ = {
			isa = PBXSourcesBuildPhase;
			buildActionMask = 2147483647;
			files = (
				57C3AC162B65B2FC0058AE5F /* DUDLTests.swift in Sources */,
			);
			runOnlyForDeploymentPostprocessing = 0;
		};
		57C3AC172B65B2FC0058AE5F /* Sources */ = {
			isa = PBXSourcesBuildPhase;
			buildActionMask = 2147483647;
			files = (
				57C3AC202B65B2FC0058AE5F /* DUDLUITests.swift in Sources */,
				57C3AC222B65B2FC0058AE5F /* DUDLUITestsLaunchTests.swift in Sources */,
			);
			runOnlyForDeploymentPostprocessing = 0;
		};
/* End PBXSourcesBuildPhase section */

/* Begin PBXTargetDependency section */
		57C3AC132B65B2FC0058AE5F /* PBXTargetDependency */ = {
			isa = PBXTargetDependency;
			target = 57C3AC002B65B2FB0058AE5F /* DUDL */;
			targetProxy = 57C3AC122B65B2FC0058AE5F /* PBXContainerItemProxy */;
		};
		57C3AC1D2B65B2FC0058AE5F /* PBXTargetDependency */ = {
			isa = PBXTargetDependency;
			target = 57C3AC002B65B2FB0058AE5F /* DUDL */;
			targetProxy = 57C3AC1C2B65B2FC0058AE5F /* PBXContainerItemProxy */;
		};
/* End PBXTargetDependency section */

/* Begin XCBuildConfiguration section */
		57C3AC232B65B2FC0058AE5F /* Debug */ = {
			isa = XCBuildConfiguration;
			buildSettings = {
				ALWAYS_SEARCH_USER_PATHS = NO;
				ASSETCATALOG_COMPILER_GENERATE_SWIFT_ASSET_SYMBOL_EXTENSIONS = YES;
				CLANG_ANALYZER_NONNULL = YES;
				CLANG_ANALYZER_NUMBER_OBJECT_CONVERSION = YES_AGGRESSIVE;
				CLANG_CXX_LANGUAGE_STANDARD = "gnu++20";
				CLANG_ENABLE_MODULES = YES;
				CLANG_ENABLE_OBJC_ARC = YES;
				CLANG_ENABLE_OBJC_WEAK = YES;
				CLANG_WARN_BLOCK_CAPTURE_AUTORELEASING = YES;
				CLANG_WARN_BOOL_CONVERSION = YES;
				CLANG_WARN_COMMA = YES;
				CLANG_WARN_CONSTANT_CONVERSION = YES;
				CLANG_WARN_DEPRECATED_OBJC_IMPLEMENTATIONS = YES;
				CLANG_WARN_DIRECT_OBJC_ISA_USAGE = YES_ERROR;
				CLANG_WARN_DOCUMENTATION_COMMENTS = YES;
				CLANG_WARN_EMPTY_BODY = YES;
				CLANG_WARN_ENUM_CONVERSION = YES;
				CLANG_WARN_INFINITE_RECURSION = YES;
				CLANG_WARN_INT_CONVERSION = YES;
				CLANG_WARN_NON_LITERAL_NULL_CONVERSION = YES;
				CLANG_WARN_OBJC_IMPLICIT_RETAIN_SELF = YES;
				CLANG_WARN_OBJC_LITERAL_CONVERSION = YES;
				CLANG_WARN_OBJC_ROOT_CLASS = YES_ERROR;
				CLANG_WARN_QUOTED_INCLUDE_IN_FRAMEWORK_HEADER = YES;
				CLANG_WARN_RANGE_LOOP_ANALYSIS = YES;
				CLANG_WARN_STRICT_PROTOTYPES = YES;
				CLANG_WARN_SUSPICIOUS_MOVE = YES;
				CLANG_WARN_UNGUARDED_AVAILABILITY = YES_AGGRESSIVE;
				CLANG_WARN_UNREACHABLE_CODE = YES;
				CLANG_WARN__DUPLICATE_METHOD_MATCH = YES;
				COPY_PHASE_STRIP = NO;
				DEBUG_INFORMATION_FORMAT = dwarf;
				ENABLE_STRICT_OBJC_MSGSEND = YES;
				ENABLE_TESTABILITY = YES;
				ENABLE_USER_SCRIPT_SANDBOXING = YES;
				GCC_C_LANGUAGE_STANDARD = gnu17;
				GCC_DYNAMIC_NO_PIC = NO;
				GCC_NO_COMMON_BLOCKS = YES;
				GCC_OPTIMIZATION_LEVEL = 0;
				GCC_PREPROCESSOR_DEFINITIONS = (
					"DEBUG=1",
					"$(inherited)",
				);
				GCC_WARN_64_TO_32_BIT_CONVERSION = YES;
				GCC_WARN_ABOUT_RETURN_TYPE = YES_ERROR;
				GCC_WARN_UNDECLARED_SELECTOR = YES;
				GCC_WARN_UNINITIALIZED_AUTOS = YES_AGGRESSIVE;
				GCC_WARN_UNUSED_FUNCTION = YES;
				GCC_WARN_UNUSED_VARIABLE = YES;
				IPHONEOS_DEPLOYMENT_TARGET = 17.0;
				LOCALIZATION_PREFERS_STRING_CATALOGS = YES;
				MTL_ENABLE_DEBUG_INFO = INCLUDE_SOURCE;
				MTL_FAST_MATH = YES;
				ONLY_ACTIVE_ARCH = YES;
				SDKROOT = iphoneos;
				SWIFT_ACTIVE_COMPILATION_CONDITIONS = "DEBUG $(inherited)";
				SWIFT_OPTIMIZATION_LEVEL = "-Onone";
			};
			name = Debug;
		};
		57C3AC242B65B2FC0058AE5F /* Release */ = {
			isa = XCBuildConfiguration;
			buildSettings = {
				ALWAYS_SEARCH_USER_PATHS = NO;
				ASSETCATALOG_COMPILER_GENERATE_SWIFT_ASSET_SYMBOL_EXTENSIONS = YES;
				CLANG_ANALYZER_NONNULL = YES;
				CLANG_ANALYZER_NUMBER_OBJECT_CONVERSION = YES_AGGRESSIVE;
				CLANG_CXX_LANGUAGE_STANDARD = "gnu++20";
				CLANG_ENABLE_MODULES = YES;
				CLANG_ENABLE_OBJC_ARC = YES;
				CLANG_ENABLE_OBJC_WEAK = YES;
				CLANG_WARN_BLOCK_CAPTURE_AUTORELEASING = YES;
				CLANG_WARN_BOOL_CONVERSION = YES;
				CLANG_WARN_COMMA = YES;
				CLANG_WARN_CONSTANT_CONVERSION = YES;
				CLANG_WARN_DEPRECATED_OBJC_IMPLEMENTATIONS = YES;
				CLANG_WARN_DIRECT_OBJC_ISA_USAGE = YES_ERROR;
				CLANG_WARN_DOCUMENTATION_COMMENTS = YES;
				CLANG_WARN_EMPTY_BODY = YES;
				CLANG_WARN_ENUM_CONVERSION = YES;
				CLANG_WARN_INFINITE_RECURSION = YES;
				CLANG_WARN_INT_CONVERSION = YES;
				CLANG_WARN_NON_LITERAL_NULL_CONVERSION = YES;
				CLANG_WARN_OBJC_IMPLICIT_RETAIN_SELF = YES;
				CLANG_WARN_OBJC_LITERAL_CONVERSION = YES;
				CLANG_WARN_OBJC_ROOT_CLASS = YES_ERROR;
				CLANG_WARN_QUOTED_INCLUDE_IN_FRAMEWORK_HEADER = YES;
				CLANG_WARN_RANGE_LOOP_ANALYSIS = YES;
				CLANG_WARN_STRICT_PROTOTYPES = YES;
				CLANG_WARN_SUSPICIOUS_MOVE = YES;
				CLANG_WARN_UNGUARDED_AVAILABILITY = YES_AGGRESSIVE;
				CLANG_WARN_UNREACHABLE_CODE = YES;
				CLANG_WARN__DUPLICATE_METHOD_MATCH = YES;
				COPY_PHASE_STRIP = NO;
				DEBUG_INFORMATION_FORMAT = "dwarf-with-dsym";
				ENABLE_NS_ASSERTIONS = NO;
				ENABLE_STRICT_OBJC_MSGSEND = YES;
				ENABLE_USER_SCRIPT_SANDBOXING = YES;
				GCC_C_LANGUAGE_STANDARD = gnu17;
				GCC_NO_COMMON_BLOCKS = YES;
				GCC_WARN_64_TO_32_BIT_CONVERSION = YES;
				GCC_WARN_ABOUT_RETURN_TYPE = YES_ERROR;
				GCC_WARN_UNDECLARED_SELECTOR = YES;
				GCC_WARN_UNINITIALIZED_AUTOS = YES_AGGRESSIVE;
				GCC_WARN_UNUSED_FUNCTION = YES;
				GCC_WARN_UNUSED_VARIABLE = YES;
				IPHONEOS_DEPLOYMENT_TARGET = 17.0;
				LOCALIZATION_PREFERS_STRING_CATALOGS = YES;
				MTL_ENABLE_DEBUG_INFO = NO;
				MTL_FAST_MATH = YES;
				SDKROOT = iphoneos;
				SWIFT_COMPILATION_MODE = wholemodule;
				VALIDATE_PRODUCT = YES;
			};
			name = Release;
		};
		57C3AC262B65B2FC0058AE5F /* Debug */ = {
			isa = XCBuildConfiguration;
			buildSettings = {
				ASSETCATALOG_COMPILER_APPICON_NAME = AppIcon;
				ASSETCATALOG_COMPILER_GLOBAL_ACCENT_COLOR_NAME = AccentColor;
				CODE_SIGN_STYLE = Automatic;
				CURRENT_PROJECT_VERSION = 1;
				DEVELOPMENT_ASSET_PATHS = "\"DUDL/Preview Content\"";
				DEVELOPMENT_TEAM = 7LL36S59N6;
				ENABLE_PREVIEWS = YES;
				GENERATE_INFOPLIST_FILE = YES;
				INFOPLIST_FILE = DUDL/Info.plist;
				INFOPLIST_KEY_UIApplicationSceneManifest_Generation = YES;
				INFOPLIST_KEY_UIApplicationSupportsIndirectInputEvents = YES;
				INFOPLIST_KEY_UILaunchScreen_Generation = YES;
				INFOPLIST_KEY_UISupportedInterfaceOrientations_iPad = "UIInterfaceOrientationPortrait UIInterfaceOrientationPortraitUpsideDown UIInterfaceOrientationLandscapeLeft UIInterfaceOrientationLandscapeRight";
				INFOPLIST_KEY_UISupportedInterfaceOrientations_iPhone = "UIInterfaceOrientationPortrait UIInterfaceOrientationLandscapeLeft UIInterfaceOrientationLandscapeRight";
				LD_RUNPATH_SEARCH_PATHS = (
					"$(inherited)",
					"@executable_path/Frameworks",
				);
				MARKETING_VERSION = 1.0;
				PRODUCT_BUNDLE_IDENTIFIER = VITEK.LLC.DUDL;
				PRODUCT_NAME = "$(TARGET_NAME)";
				SWIFT_EMIT_LOC_STRINGS = YES;
				SWIFT_VERSION = 5.0;
				TARGETED_DEVICE_FAMILY = "1,2";
			};
			name = Debug;
		};
		57C3AC272B65B2FC0058AE5F /* Release */ = {
			isa = XCBuildConfiguration;
			buildSettings = {
				ASSETCATALOG_COMPILER_APPICON_NAME = AppIcon;
				ASSETCATALOG_COMPILER_GLOBAL_ACCENT_COLOR_NAME = AccentColor;
				CODE_SIGN_STYLE = Automatic;
				CURRENT_PROJECT_VERSION = 1;
				DEVELOPMENT_ASSET_PATHS = "\"DUDL/Preview Content\"";
				DEVELOPMENT_TEAM = 7LL36S59N6;
				ENABLE_PREVIEWS = YES;
				GENERATE_INFOPLIST_FILE = YES;
				INFOPLIST_FILE = DUDL/Info.plist;
				INFOPLIST_KEY_UIApplicationSceneManifest_Generation = YES;
				INFOPLIST_KEY_UIApplicationSupportsIndirectInputEvents = YES;
				INFOPLIST_KEY_UILaunchScreen_Generation = YES;
				INFOPLIST_KEY_UISupportedInterfaceOrientations_iPad = "UIInterfaceOrientationPortrait UIInterfaceOrientationPortraitUpsideDown UIInterfaceOrientationLandscapeLeft UIInterfaceOrientationLandscapeRight";
				INFOPLIST_KEY_UISupportedInterfaceOrientations_iPhone = "UIInterfaceOrientationPortrait UIInterfaceOrientationLandscapeLeft UIInterfaceOrientationLandscapeRight";
				LD_RUNPATH_SEARCH_PATHS = (
					"$(inherited)",
					"@executable_path/Frameworks",
				);
				MARKETING_VERSION = 1.0;
				PRODUCT_BUNDLE_IDENTIFIER = VITEK.LLC.DUDL;
				PRODUCT_NAME = "$(TARGET_NAME)";
				SWIFT_EMIT_LOC_STRINGS = YES;
				SWIFT_VERSION = 5.0;
				TARGETED_DEVICE_FAMILY = "1,2";
			};
			name = Release;
		};
		57C3AC292B65B2FC0058AE5F /* Debug */ = {
			isa = XCBuildConfiguration;
			buildSettings = {
				ALWAYS_EMBED_SWIFT_STANDARD_LIBRARIES = YES;
				BUNDLE_LOADER = "$(TEST_HOST)";
				CODE_SIGN_STYLE = Automatic;
				CURRENT_PROJECT_VERSION = 1;
				DEVELOPMENT_TEAM = 7LL36S59N6;
				GENERATE_INFOPLIST_FILE = YES;
				IPHONEOS_DEPLOYMENT_TARGET = 17.0;
				MARKETING_VERSION = 1.0;
				PRODUCT_BUNDLE_IDENTIFIER = VITEK.DUDLTests;
				PRODUCT_NAME = "$(TARGET_NAME)";
				SWIFT_EMIT_LOC_STRINGS = NO;
				SWIFT_VERSION = 5.0;
				TARGETED_DEVICE_FAMILY = "1,2";
				TEST_HOST = "$(BUILT_PRODUCTS_DIR)/DUDL.app/$(BUNDLE_EXECUTABLE_FOLDER_PATH)/DUDL";
			};
			name = Debug;
		};
		57C3AC2A2B65B2FC0058AE5F /* Release */ = {
			isa = XCBuildConfiguration;
			buildSettings = {
				ALWAYS_EMBED_SWIFT_STANDARD_LIBRARIES = YES;
				BUNDLE_LOADER = "$(TEST_HOST)";
				CODE_SIGN_STYLE = Automatic;
				CURRENT_PROJECT_VERSION = 1;
				DEVELOPMENT_TEAM = 7LL36S59N6;
				GENERATE_INFOPLIST_FILE = YES;
				IPHONEOS_DEPLOYMENT_TARGET = 17.0;
				MARKETING_VERSION = 1.0;
				PRODUCT_BUNDLE_IDENTIFIER = VITEK.DUDLTests;
				PRODUCT_NAME = "$(TARGET_NAME)";
				SWIFT_EMIT_LOC_STRINGS = NO;
				SWIFT_VERSION = 5.0;
				TARGETED_DEVICE_FAMILY = "1,2";
				TEST_HOST = "$(BUILT_PRODUCTS_DIR)/DUDL.app/$(BUNDLE_EXECUTABLE_FOLDER_PATH)/DUDL";
			};
			name = Release;
		};
		57C3AC2C2B65B2FC0058AE5F /* Debug */ = {
			isa = XCBuildConfiguration;
			buildSettings = {
				ALWAYS_EMBED_SWIFT_STANDARD_LIBRARIES = YES;
				CODE_SIGN_STYLE = Automatic;
				CURRENT_PROJECT_VERSION = 1;
				DEVELOPMENT_TEAM = 7LL36S59N6;
				GENERATE_INFOPLIST_FILE = YES;
				MARKETING_VERSION = 1.0;
				PRODUCT_BUNDLE_IDENTIFIER = VITEK.DUDLUITests;
				PRODUCT_NAME = "$(TARGET_NAME)";
				SWIFT_EMIT_LOC_STRINGS = NO;
				SWIFT_VERSION = 5.0;
				TARGETED_DEVICE_FAMILY = "1,2";
				TEST_TARGET_NAME = DUDL;
			};
			name = Debug;
		};
		57C3AC2D2B65B2FC0058AE5F /* Release */ = {
			isa = XCBuildConfiguration;
			buildSettings = {
				ALWAYS_EMBED_SWIFT_STANDARD_LIBRARIES = YES;
				CODE_SIGN_STYLE = Automatic;
				CURRENT_PROJECT_VERSION = 1;
				DEVELOPMENT_TEAM = 7LL36S59N6;
				GENERATE_INFOPLIST_FILE = YES;
				MARKETING_VERSION = 1.0;
				PRODUCT_BUNDLE_IDENTIFIER = VITEK.DUDLUITests;
				PRODUCT_NAME = "$(TARGET_NAME)";
				SWIFT_EMIT_LOC_STRINGS = NO;
				SWIFT_VERSION = 5.0;
				TARGETED_DEVICE_FAMILY = "1,2";
				TEST_TARGET_NAME = DUDL;
			};
			name = Release;
		};
/* End XCBuildConfiguration section */

/* Begin XCConfigurationList section */
		57C3ABFC2B65B2FB0058AE5F /* Build configuration list for PBXProject "DUDL" */ = {
			isa = XCConfigurationList;
			buildConfigurations = (
				57C3AC232B65B2FC0058AE5F /* Debug */,
				57C3AC242B65B2FC0058AE5F /* Release */,
			);
			defaultConfigurationIsVisible = 0;
			defaultConfigurationName = Release;
		};
		57C3AC252B65B2FC0058AE5F /* Build configuration list for PBXNativeTarget "DUDL" */ = {
			isa = XCConfigurationList;
			buildConfigurations = (
				57C3AC262B65B2FC0058AE5F /* Debug */,
				57C3AC272B65B2FC0058AE5F /* Release */,
			);
			defaultConfigurationIsVisible = 0;
			defaultConfigurationName = Release;
		};
		57C3AC282B65B2FC0058AE5F /* Build configuration list for PBXNativeTarget "DUDLTests" */ = {
			isa = XCConfigurationList;
			buildConfigurations = (
				57C3AC292B65B2FC0058AE5F /* Debug */,
				57C3AC2A2B65B2FC0058AE5F /* Release */,
			);
			defaultConfigurationIsVisible = 0;
			defaultConfigurationName = Release;
		};
		57C3AC2B2B65B2FC0058AE5F /* Build configuration list for PBXNativeTarget "DUDLUITests" */ = {
			isa = XCConfigurationList;
			buildConfigurations = (
				57C3AC2C2B65B2FC0058AE5F /* Debug */,
				57C3AC2D2B65B2FC0058AE5F /* Release */,
			);
			defaultConfigurationIsVisible = 0;
			defaultConfigurationName = Release;
		};
/* End XCConfigurationList section */
	};
	rootObject = 57C3ABF92B65B2FB0058AE5F /* Project object */;
}
